<?xml version="1.0" encoding="utf-8"?>
<Project ToolsVersion="4.0" xmlns="http://schemas.microsoft.com/developer/msbuild/2003">
  <ItemGroup>
    <Filter Include="Source Files">
      <UniqueIdentifier>{a0cc62c7-64bd-41b4-b28a-e3a124888798}</UniqueIdentifier>
      <Extensions>cpp;c;cxx;rc;def;r;odl;hpj;bat;for;f90</Extensions>
    </Filter>
    <Filter Include="Header Files">
      <UniqueIdentifier>{f2ead6d8-4d16-451e-935c-24a372ac83e9}</UniqueIdentifier>
      <Extensions>h;hpp;hxx;hm;inl;fi;fd</Extensions>
    </Filter>
    <Filter Include="Resource Files">
      <UniqueIdentifier>{5be4f3e3-9cf5-41b7-8b7f-5cd9592e6467}</UniqueIdentifier>
      <Extensions>ico;cur;bmp;dlg;rc2;rct;bin;cnt;rtf;gif;jpg;jpeg;jpe</Extensions>
    </Filter>
  </ItemGroup>
  <ItemGroup>
    <ClCompile Include="ByteBuffer.cpp">
      <Filter>Source Files</Filter>
    </ClCompile>
    <ClCompile Include="IDAllocator.cpp">
      <Filter>Source Files</Filter>
    </ClCompile>
    <ClCompile Include="IOCPServer.cpp">
      <Filter>Source Files</Filter>
    </ClCompile>
    <ClCompile Include="IOThreads.cpp">
      <Filter>Source Files</Filter>
    </ClCompile>
    <ClCompile Include="ParseData.cpp">
      <Filter>Source Files</Filter>
    </ClCompile>
    <ClCompile Include="ServerSocketItem.cpp">
      <Filter>Source Files</Filter>
    </ClCompile>
    <ClCompile Include="StdAfx.cpp">
      <Filter>Source Files</Filter>
    </ClCompile>
    <ClCompile Include="TCPSocket.cpp">
      <Filter>Source Files</Filter>
    </ClCompile>
    <ClCompile Include="WebServer.cpp">
      <Filter>Source Files</Filter>
    </ClCompile>
    <ClCompile Include="WebServerDlg.cpp">
      <Filter>Source Files</Filter>
    </ClCompile>
  </ItemGroup>
  <ItemGroup>
    <ClInclude Include="ByteBuffer.h">
      <Filter>Header Files</Filter>
    </ClInclude>
    <ClInclude Include="IDAllocator.h">
      <Filter>Header Files</Filter>
    </ClInclude>
    <ClInclude Include="IOCPServer.h">
      <Filter>Header Files</Filter>
    </ClInclude>
    <ClInclude Include="IOThreads.h">
      <Filter>Header Files</Filter>
    </ClInclude>
    <ClInclude Include="Overlapped.h">
      <Filter>Header Files</Filter>
    </ClInclude>
    <ClInclude Include="ParseData.h">
      <Filter>Header Files</Filter>
    </ClInclude>
    <ClInclude Include="resource.h">
      <Filter>Header Files</Filter>
    </ClInclude>
    <ClInclude Include="ServerSocketItem.h">
      <Filter>Header Files</Filter>
    </ClInclude>
    <ClInclude Include="stdafx.h">
      <Filter>Header Files</Filter>
    </ClInclude>
    <ClInclude Include="TCPSocket.h">
      <Filter>Header Files</Filter>
    </ClInclude>
    <ClInclude Include="WebServer.h">
      <Filter>Header Files</Filter>
    </ClInclude>
    <ClInclude Include="WebServerDlg.h">
      <Filter>Header Files</Filter>
    </ClInclude>
  </ItemGroup>
  <ItemGroup>
    <Image Include="RES\web.ico">
      <Filter>Resource Files</Filter>
    </Image>
  </ItemGroup>
  <ItemGroup>
    <ResourceCompile Include="WebServer.rc">
      <Filter>Resource Files</Filter>
    </ResourceCompile>
  </ItemGroup>
  <ItemGroup>
    <None Include="res\WebServer.rc2">
      <Filter>Resource Files</Filter>
    </None>
  </ItemGroup>
</Project>